
Microsoft Visual Studio Solution File, Format Version 12.00
# Visual Studio Version 17
VisualStudioVersion = 17.8.34330.188
MinimumVisualStudioVersion = 10.0.40219.1
Project("{FAE04EC0-301F-11D3-BF4B-00C04F79EFBC}") = "DBWPFNETGUI", "DBWPFNETGUI\DBWPFNETGUI.csproj", "{48DD72D8-723A-4C9F-BE87-81E1C2D5C954}"
EndProject
Global
	GlobalSection(SolutionConfigurationPlatforms) = preSolution
		Debug|Any CPU = Debug|Any CPU
		Release|Any CPU = Release|Any CPU
	EndGlobalSection
	GlobalSection(ProjectConfigurationPlatforms) = postSolution
		{48DD72D8-723A-4C9F-BE87-81E1C2D5C954}.Debug|Any CPU.ActiveCfg = Debug|Any CPU
		{48DD72D8-723A-4C9F-BE87-81E1C2D5C954}.Debug|Any CPU.Build.0 = Debug|Any CPU
		{48DD72D8-723A-4C9F-BE87-81E1C2D5C954}.Release|Any CPU.ActiveCfg = Release|Any CPU
		{48DD72D8-723A-4C9F-BE87-81E1C2D5C954}.Release|Any CPU.Build.0 = Release|Any CPU
	EndGlobalSection
	GlobalSection(SolutionProperties) = preSolution
		HideSolutionNode = FALSE
	EndGlobalSection
	GlobalSection(ExtensibilityGlobals) = postSolution
		SolutionGuid = {16B4C369-30AC-4E96-AA2F-74234033EA34}
	EndGlobalSection
EndGlobal
